#MicroXplorer Configuration settings - do not modify
#Tue Mar 24 09:28:55 CET 2015
File.Version=4
I2C1.ClockSpeed=400000
I2C1.IPParameters=ClockSpeed
KeepUserPlacement=true
Mcu.Family=STM32F4
Mcu.IP0=I2C1
Mcu.IP1=NVIC
Mcu.IP2=RCC
Mcu.IP3=SYS
Mcu.IPNb=4
Mcu.Name=STM32F401R(B-C-D-E)Tx
Mcu.Package=LQFP64
Mcu.Pin0=PC13-ANTI_TAMP
Mcu.Pin1=PC14-OSC32_IN
Mcu.Pin10=PB9
Mcu.Pin2=PC15-OSC32_OUT
Mcu.Pin3=PH0 - OSC_IN
Mcu.Pin4=PH1 - OSC_OUT
Mcu.Pin5=PA5
Mcu.Pin6=PA13
Mcu.Pin7=PA14
Mcu.Pin8=PB3
Mcu.Pin9=PB8
Mcu.PinsNb=11
Mcu.UserName=STM32F401RETx
NVIC.PriorityGroup=NVIC_PRIORITYGROUP_0
NVIC.SysTick_IRQn=true\:0\:0
PA13.GPIOParameters=GPIO_Label
PA13.GPIO_Label=TMS
PA13.Locked=true
PA13.Mode=Serial-Wire
PA13.Signal=SYS_JTMS-SWDIO
PA14.GPIOParameters=GPIO_Label
PA14.GPIO_Label=TCK
PA14.Locked=true
PA14.Mode=Serial-Wire
PA14.Signal=SYS_JTCK-SWCLK
PA5.GPIOParameters=GPIO_ModeDefaultOutputPP,GPIO_Label,GPIO_Speed,GPIO_PuPd,GPIO_Mode
PA5.GPIO_Label=LD2 [Green Led]/Chip_enable
PA5.GPIO_Mode=GPIO_MODE_OUTPUT_PP
PA5.GPIO_ModeDefaultOutputPP=GPIO_MODE_OUTPUT_PP
PA5.GPIO_PuPd=GPIO_NOPULL
PA5.GPIO_Speed=GPIO_SPEED_LOW
PA5.Locked=true
PA5.Signal=GPIO_Output
PB3.Locked=true
PB3.Signal=SYS_JTDO-SWO
PB8.Locked=true
PB8.Mode=I2C
PB8.Signal=I2C1_SCL
PB9.Locked=true
PB9.Mode=I2C
PB9.Signal=I2C1_SDA
PC13-ANTI_TAMP.GPIOParameters=GPIO_Label,GPIO_PuPd,GPIO_Mode
PC13-ANTI_TAMP.GPIO_Label=Blue_Push_Button
PC13-ANTI_TAMP.GPIO_Mode=GPIO_MODE_INPUT
PC13-ANTI_TAMP.GPIO_PuPd=GPIO_NOPULL
PC13-ANTI_TAMP.Locked=true
PC13-ANTI_TAMP.Signal=GPIO_Input
PC14-OSC32_IN.Locked=true
PC14-OSC32_IN.Signal=RCC_OSC32_IN
PC15-OSC32_OUT.Locked=true
PC15-OSC32_OUT.Signal=RCC_OSC32_OUT
PCC.Family=STM32F4
PCC.MCU=STM32F401R(D-E)Tx
PCC.MXVersion=4.4.0
PCC.PartNumber=STM32F401RETx
PCC.Seq0=0
PCC.SubFamily=STM32F401
PCC.Temperature=25
PCC.Vdd=null
PH0\ -\ OSC_IN.Locked=true
PH0\ -\ OSC_IN.Signal=RCC_OSC_IN
PH1\ -\ OSC_OUT.Locked=true
PH1\ -\ OSC_OUT.Signal=RCC_OSC_OUT
ProjectManager.AskForMigrate=true
ProjectManager.BackupPrevious=false
ProjectManager.CompilerOptimize=2
ProjectManager.ComputerToolchain=false
ProjectManager.CoupleFile=false
ProjectManager.DeletePrevious=false
ProjectManager.DeviceId=STM32F401RETx
ProjectManager.FirmwarePackage=STM32Cube FW_F4 V1.3.0
ProjectManager.FreePins=false
ProjectManager.HalAssertFull=false
ProjectManager.KeepUserCode=true
ProjectManager.LastFirmware=true
ProjectManager.LibraryCopy=1
ProjectManager.ProjectBuild=false
ProjectManager.ProjectFileName=STM32F401Nucleo-VL6180X.ioc
ProjectManager.ProjectName=STM32F401Nucleo-VL6180X
ProjectManager.TargetToolchain=TrueSTUDIO 4.3.1
RCC.48MHZClocksFreq_Value=48000000
RCC.AHBFreq_Value=84000000
RCC.APB1CLKDivider=RCC_HCLK_DIV2
RCC.APB1Freq_Value=42000000
RCC.APB1TimFreq_Value=84000000
RCC.APB2Freq_Value=84000000
RCC.APB2TimFreq_Value=84000000
RCC.ClockTypePCLK1-ClockTree=RCC_CLOCKTYPE_PCLK1
RCC.ClockTypeSysClk-ClockTree=RCC_CLOCKTYPE_SYSCLK
RCC.CortexFreq_Value=10500000
RCC.EnableExtClockForI2S-ClockTree=false
RCC.EnableHSE-ClockTree=false
RCC.EnableHSERTCDevisor-ClockTree=false
RCC.EnableLSE-ClockTree=false
RCC.EnableLSERTC-ClockTree=false
RCC.ExtClockEnable-ClockTree=false
RCC.FCLKCortexFreq_Value=84000000
RCC.FLatency-AdvancedSettings=FLASH_LATENCY_2
RCC.HCLKFreq_Value=84000000
RCC.HSEState-ClockTree=RCC_HSE_OFF
RCC.HSE_VALUE=8000000
RCC.HSIState-ClockTree=RCC_HSI_ON
RCC.HSI_VALUE=16000000
RCC.I2SClocksFreq_Value=96000000
RCC.I2SEnable-ClockTree=false
RCC.IPParameters=OscillatorTypeHSE-ClockTree,HCLKFreq_Value,RTCEnable-ClockTree,MCO1OutPutEnable-ClockTree,IWDGEnable,SYSCLKFreq_VALUE,EnableLSE-ClockTree,I2SClocksFreq_Value,PLLCLKFreq_Value,RTCHSEDivFreq_Value,RNGEnable-ClockTree,USBFSEnable-ClockTree,RTCFreq_Value,LSE_VALUE,PLLP,I2SEnable-ClockTree,SYSCLKSource,IWDGEnable-ClockTree,MCO2PinFreq_Value,CortexFreq_Value,FCLKCortexFreq_Value,APB1CLKDivider,USBHSEnable-ClockTree,ClockTypePCLK1-ClockTree,APB2Freq_Value,VCOI2SOutputFreq_Value,PLLN,FLatency-AdvancedSettings,EnableExtClockForI2S-ClockTree,ClockTypeSysClk-ClockTree,EnableLSERTC-ClockTree,APB2TimFreq_Value,MCO2OutPutEnable-ClockTree,HSE_VALUE,PWR_Regulator_Voltage_Scale-AdvancedSettings,HSI_VALUE,OscillatorTypeHSI-ClockTree,PLLQ,HSIState-ClockTree,LSIState-ClockTree,PLLState-ClockTree,VcooutputI2S,APB1Freq_Value,APB1TimFreq_Value,48MHZClocksFreq_Value,ExtClockEnable-ClockTree,HSEState-ClockTree,SDIOEnable-ClockTree,AHBFreq_Value,LSI_VALUE,VCOInputFreq_Value,EnableHSE-ClockTree,OscillatorTypeLSI-ClockTree,VCOOutputFreq_Value,EnableHSERTCDevisor-ClockTree
RCC.IWDGEnable=false
RCC.IWDGEnable-ClockTree=false
RCC.LSE_VALUE=32768
RCC.LSIState-ClockTree=RCC_LSI_OFF
RCC.LSI_VALUE=32000
RCC.MCO1OutPutEnable-ClockTree=false
RCC.MCO2OutPutEnable-ClockTree=false
RCC.MCO2PinFreq_Value=84000000
RCC.OscillatorTypeHSE-ClockTree=
RCC.OscillatorTypeHSI-ClockTree=RCC_OSCILLATORTYPE_HSI
RCC.OscillatorTypeLSI-ClockTree=
RCC.PLLCLKFreq_Value=84000000
RCC.PLLN=336
RCC.PLLP=RCC_PLLP_DIV4
RCC.PLLQ=7
RCC.PLLState-ClockTree=RCC_PLL_ON
RCC.PWR_Regulator_Voltage_Scale-AdvancedSettings=PWR_REGULATOR_VOLTAGE_SCALE2
RCC.RNGEnable-ClockTree=false
RCC.RTCEnable-ClockTree=false
RCC.RTCFreq_Value=32000
RCC.RTCHSEDivFreq_Value=4000000
RCC.SDIOEnable-ClockTree=false
RCC.SYSCLKFreq_VALUE=84000000
RCC.SYSCLKSource=RCC_SYSCLKSOURCE_PLLCLK
RCC.USBFSEnable-ClockTree=false
RCC.USBHSEnable-ClockTree=false
RCC.VCOI2SOutputFreq_Value=192000000
RCC.VCOInputFreq_Value=1000000
RCC.VCOOutputFreq_Value=336000000
RCC.VcooutputI2S=96000000
boardIOC=true
